
Microsoft Visual Studio Solution File, Format Version 12.00
# Visual Studio 15
VisualStudioVersion = 15.0.26403.7
MinimumVisualStudioVersion = 10.0.40219.1
Project("{9092AA53-FB77-4645-B42D-1CCCA6BD08BD}") = "tuvero", "tuvero.njsproj", "{C6362633-FD56-4844-B76F-8373BF3259D9}"
EndProject
Project("{262852C6-CD72-467D-83FE-5EEB1973A190}") = "mobile", "mobile\mobile.jsproj", "{EBE59167-64F3-413C-8295-44D072839E03}"
EndProject
Project("{9092AA53-FB77-4645-B42D-1CCCA6BD08BD}") = "cli", "cli\cli.njsproj", "{2DEED847-8792-4C57-94B7-DF609757D084}"
EndProject
Project("{9092AA53-FB77-4645-B42D-1CCCA6BD08BD}") = "qunit-test", "qunit-test\qunit-test.njsproj", "{7356B55D-3A91-4525-812E-25DB850E80DD}"
EndProject
Global
	GlobalSection(SolutionConfigurationPlatforms) = preSolution
		Debug|Android = Debug|Android
		Debug|Any CPU = Debug|Any CPU
		Debug|iOS = Debug|iOS
		Debug|Windows Phone (Universal) = Debug|Windows Phone (Universal)
		Debug|Windows Phone 8 = Debug|Windows Phone 8
		Debug|Windows-AnyCPU = Debug|Windows-AnyCPU
		Debug|Windows-ARM = Debug|Windows-ARM
		Debug|Windows-x64 = Debug|Windows-x64
		Debug|Windows-x86 = Debug|Windows-x86
		Release|Android = Release|Android
		Release|Any CPU = Release|Any CPU
		Release|iOS = Release|iOS
		Release|Windows Phone (Universal) = Release|Windows Phone (Universal)
		Release|Windows Phone 8 = Release|Windows Phone 8
		Release|Windows-AnyCPU = Release|Windows-AnyCPU
		Release|Windows-ARM = Release|Windows-ARM
		Release|Windows-x64 = Release|Windows-x64
		Release|Windows-x86 = Release|Windows-x86
	EndGlobalSection
	GlobalSection(ProjectConfigurationPlatforms) = postSolution
		{C6362633-FD56-4844-B76F-8373BF3259D9}.Debug|Android.ActiveCfg = Debug|Any CPU
		{C6362633-FD56-4844-B76F-8373BF3259D9}.Debug|Android.Build.0 = Debug|Any CPU
		{C6362633-FD56-4844-B76F-8373BF3259D9}.Debug|Any CPU.ActiveCfg = Debug|Any CPU
		{C6362633-FD56-4844-B76F-8373BF3259D9}.Debug|Any CPU.Build.0 = Debug|Any CPU
		{C6362633-FD56-4844-B76F-8373BF3259D9}.Debug|iOS.ActiveCfg = Debug|Any CPU
		{C6362633-FD56-4844-B76F-8373BF3259D9}.Debug|iOS.Build.0 = Debug|Any CPU
		{C6362633-FD56-4844-B76F-8373BF3259D9}.Debug|Windows Phone (Universal).ActiveCfg = Debug|Any CPU
		{C6362633-FD56-4844-B76F-8373BF3259D9}.Debug|Windows Phone (Universal).Build.0 = Debug|Any CPU
		{C6362633-FD56-4844-B76F-8373BF3259D9}.Debug|Windows Phone 8.ActiveCfg = Debug|Any CPU
		{C6362633-FD56-4844-B76F-8373BF3259D9}.Debug|Windows Phone 8.Build.0 = Debug|Any CPU
		{C6362633-FD56-4844-B76F-8373BF3259D9}.Debug|Windows-AnyCPU.ActiveCfg = Debug|Any CPU
		{C6362633-FD56-4844-B76F-8373BF3259D9}.Debug|Windows-AnyCPU.Build.0 = Debug|Any CPU
		{C6362633-FD56-4844-B76F-8373BF3259D9}.Debug|Windows-ARM.ActiveCfg = Debug|Any CPU
		{C6362633-FD56-4844-B76F-8373BF3259D9}.Debug|Windows-ARM.Build.0 = Debug|Any CPU
		{C6362633-FD56-4844-B76F-8373BF3259D9}.Debug|Windows-x64.ActiveCfg = Debug|Any CPU
		{C6362633-FD56-4844-B76F-8373BF3259D9}.Debug|Windows-x64.Build.0 = Debug|Any CPU
		{C6362633-FD56-4844-B76F-8373BF3259D9}.Debug|Windows-x86.ActiveCfg = Debug|Any CPU
		{C6362633-FD56-4844-B76F-8373BF3259D9}.Debug|Windows-x86.Build.0 = Debug|Any CPU
		{C6362633-FD56-4844-B76F-8373BF3259D9}.Release|Android.ActiveCfg = Release|Any CPU
		{C6362633-FD56-4844-B76F-8373BF3259D9}.Release|Android.Build.0 = Release|Any CPU
		{C6362633-FD56-4844-B76F-8373BF3259D9}.Release|Any CPU.ActiveCfg = Release|Any CPU
		{C6362633-FD56-4844-B76F-8373BF3259D9}.Release|Any CPU.Build.0 = Release|Any CPU
		{C6362633-FD56-4844-B76F-8373BF3259D9}.Release|iOS.ActiveCfg = Release|Any CPU
		{C6362633-FD56-4844-B76F-8373BF3259D9}.Release|iOS.Build.0 = Release|Any CPU
		{C6362633-FD56-4844-B76F-8373BF3259D9}.Release|Windows Phone (Universal).ActiveCfg = Release|Any CPU
		{C6362633-FD56-4844-B76F-8373BF3259D9}.Release|Windows Phone (Universal).Build.0 = Release|Any CPU
		{C6362633-FD56-4844-B76F-8373BF3259D9}.Release|Windows Phone 8.ActiveCfg = Release|Any CPU
		{C6362633-FD56-4844-B76F-8373BF3259D9}.Release|Windows Phone 8.Build.0 = Release|Any CPU
		{C6362633-FD56-4844-B76F-8373BF3259D9}.Release|Windows-AnyCPU.ActiveCfg = Release|Any CPU
		{C6362633-FD56-4844-B76F-8373BF3259D9}.Release|Windows-AnyCPU.Build.0 = Release|Any CPU
		{C6362633-FD56-4844-B76F-8373BF3259D9}.Release|Windows-ARM.ActiveCfg = Release|Any CPU
		{C6362633-FD56-4844-B76F-8373BF3259D9}.Release|Windows-ARM.Build.0 = Release|Any CPU
		{C6362633-FD56-4844-B76F-8373BF3259D9}.Release|Windows-x64.ActiveCfg = Release|Any CPU
		{C6362633-FD56-4844-B76F-8373BF3259D9}.Release|Windows-x64.Build.0 = Release|Any CPU
		{C6362633-FD56-4844-B76F-8373BF3259D9}.Release|Windows-x86.ActiveCfg = Release|Any CPU
		{C6362633-FD56-4844-B76F-8373BF3259D9}.Release|Windows-x86.Build.0 = Release|Any CPU
		{EBE59167-64F3-413C-8295-44D072839E03}.Debug|Android.ActiveCfg = Debug|Android
		{EBE59167-64F3-413C-8295-44D072839E03}.Debug|Android.Build.0 = Debug|Android
		{EBE59167-64F3-413C-8295-44D072839E03}.Debug|Android.Deploy.0 = Debug|Android
		{EBE59167-64F3-413C-8295-44D072839E03}.Debug|Any CPU.ActiveCfg = Debug|Android
		{EBE59167-64F3-413C-8295-44D072839E03}.Debug|iOS.ActiveCfg = Debug|iOS
		{EBE59167-64F3-413C-8295-44D072839E03}.Debug|iOS.Build.0 = Debug|iOS
		{EBE59167-64F3-413C-8295-44D072839E03}.Debug|iOS.Deploy.0 = Debug|iOS
		{EBE59167-64F3-413C-8295-44D072839E03}.Debug|Windows Phone (Universal).ActiveCfg = Debug|Windows Phone (Universal)
		{EBE59167-64F3-413C-8295-44D072839E03}.Debug|Windows Phone (Universal).Build.0 = Debug|Windows Phone (Universal)
		{EBE59167-64F3-413C-8295-44D072839E03}.Debug|Windows Phone (Universal).Deploy.0 = Debug|Windows Phone (Universal)
		{EBE59167-64F3-413C-8295-44D072839E03}.Debug|Windows Phone 8.ActiveCfg = Debug|Windows Phone 8
		{EBE59167-64F3-413C-8295-44D072839E03}.Debug|Windows Phone 8.Build.0 = Debug|Windows Phone 8
		{EBE59167-64F3-413C-8295-44D072839E03}.Debug|Windows Phone 8.Deploy.0 = Debug|Windows Phone 8
		{EBE59167-64F3-413C-8295-44D072839E03}.Debug|Windows-AnyCPU.ActiveCfg = Debug|Windows-AnyCPU
		{EBE59167-64F3-413C-8295-44D072839E03}.Debug|Windows-AnyCPU.Build.0 = Debug|Windows-AnyCPU
		{EBE59167-64F3-413C-8295-44D072839E03}.Debug|Windows-AnyCPU.Deploy.0 = Debug|Windows-AnyCPU
		{EBE59167-64F3-413C-8295-44D072839E03}.Debug|Windows-ARM.ActiveCfg = Debug|Windows-ARM
		{EBE59167-64F3-413C-8295-44D072839E03}.Debug|Windows-ARM.Build.0 = Debug|Windows-ARM
		{EBE59167-64F3-413C-8295-44D072839E03}.Debug|Windows-ARM.Deploy.0 = Debug|Windows-ARM
		{EBE59167-64F3-413C-8295-44D072839E03}.Debug|Windows-x64.ActiveCfg = Debug|Windows-x64
		{EBE59167-64F3-413C-8295-44D072839E03}.Debug|Windows-x64.Build.0 = Debug|Windows-x64
		{EBE59167-64F3-413C-8295-44D072839E03}.Debug|Windows-x64.Deploy.0 = Debug|Windows-x64
		{EBE59167-64F3-413C-8295-44D072839E03}.Debug|Windows-x86.ActiveCfg = Debug|Windows-x86
		{EBE59167-64F3-413C-8295-44D072839E03}.Debug|Windows-x86.Build.0 = Debug|Windows-x86
		{EBE59167-64F3-413C-8295-44D072839E03}.Debug|Windows-x86.Deploy.0 = Debug|Windows-x86
		{EBE59167-64F3-413C-8295-44D072839E03}.Release|Android.ActiveCfg = Release|Android
		{EBE59167-64F3-413C-8295-44D072839E03}.Release|Android.Build.0 = Release|Android
		{EBE59167-64F3-413C-8295-44D072839E03}.Release|Android.Deploy.0 = Release|Android
		{EBE59167-64F3-413C-8295-44D072839E03}.Release|Any CPU.ActiveCfg = Release|Android
		{EBE59167-64F3-413C-8295-44D072839E03}.Release|iOS.ActiveCfg = Release|iOS
		{EBE59167-64F3-413C-8295-44D072839E03}.Release|iOS.Build.0 = Release|iOS
		{EBE59167-64F3-413C-8295-44D072839E03}.Release|iOS.Deploy.0 = Release|iOS
		{EBE59167-64F3-413C-8295-44D072839E03}.Release|Windows Phone (Universal).ActiveCfg = Release|Windows Phone (Universal)
		{EBE59167-64F3-413C-8295-44D072839E03}.Release|Windows Phone (Universal).Build.0 = Release|Windows Phone (Universal)
		{EBE59167-64F3-413C-8295-44D072839E03}.Release|Windows Phone (Universal).Deploy.0 = Release|Windows Phone (Universal)
		{EBE59167-64F3-413C-8295-44D072839E03}.Release|Windows Phone 8.ActiveCfg = Release|Windows Phone 8
		{EBE59167-64F3-413C-8295-44D072839E03}.Release|Windows Phone 8.Build.0 = Release|Windows Phone 8
		{EBE59167-64F3-413C-8295-44D072839E03}.Release|Windows Phone 8.Deploy.0 = Release|Windows Phone 8
		{EBE59167-64F3-413C-8295-44D072839E03}.Release|Windows-AnyCPU.ActiveCfg = Release|Windows-AnyCPU
		{EBE59167-64F3-413C-8295-44D072839E03}.Release|Windows-AnyCPU.Build.0 = Release|Windows-AnyCPU
		{EBE59167-64F3-413C-8295-44D072839E03}.Release|Windows-AnyCPU.Deploy.0 = Release|Windows-AnyCPU
		{EBE59167-64F3-413C-8295-44D072839E03}.Release|Windows-ARM.ActiveCfg = Release|Windows-ARM
		{EBE59167-64F3-413C-8295-44D072839E03}.Release|Windows-ARM.Build.0 = Release|Windows-ARM
		{EBE59167-64F3-413C-8295-44D072839E03}.Release|Windows-ARM.Deploy.0 = Release|Windows-ARM
		{EBE59167-64F3-413C-8295-44D072839E03}.Release|Windows-x64.ActiveCfg = Release|Windows-x64
		{EBE59167-64F3-413C-8295-44D072839E03}.Release|Windows-x64.Build.0 = Release|Windows-x64
		{EBE59167-64F3-413C-8295-44D072839E03}.Release|Windows-x64.Deploy.0 = Release|Windows-x64
		{EBE59167-64F3-413C-8295-44D072839E03}.Release|Windows-x86.ActiveCfg = Release|Windows-x86
		{EBE59167-64F3-413C-8295-44D072839E03}.Release|Windows-x86.Build.0 = Release|Windows-x86
		{EBE59167-64F3-413C-8295-44D072839E03}.Release|Windows-x86.Deploy.0 = Release|Windows-x86
		{2DEED847-8792-4C57-94B7-DF609757D084}.Debug|Android.ActiveCfg = Debug|Any CPU
		{2DEED847-8792-4C57-94B7-DF609757D084}.Debug|Android.Build.0 = Debug|Any CPU
		{2DEED847-8792-4C57-94B7-DF609757D084}.Debug|Any CPU.ActiveCfg = Debug|Any CPU
		{2DEED847-8792-4C57-94B7-DF609757D084}.Debug|Any CPU.Build.0 = Debug|Any CPU
		{2DEED847-8792-4C57-94B7-DF609757D084}.Debug|iOS.ActiveCfg = Debug|Any CPU
		{2DEED847-8792-4C57-94B7-DF609757D084}.Debug|iOS.Build.0 = Debug|Any CPU
		{2DEED847-8792-4C57-94B7-DF609757D084}.Debug|Windows Phone (Universal).ActiveCfg = Debug|Any CPU
		{2DEED847-8792-4C57-94B7-DF609757D084}.Debug|Windows Phone (Universal).Build.0 = Debug|Any CPU
		{2DEED847-8792-4C57-94B7-DF609757D084}.Debug|Windows Phone 8.ActiveCfg = Debug|Any CPU
		{2DEED847-8792-4C57-94B7-DF609757D084}.Debug|Windows Phone 8.Build.0 = Debug|Any CPU
		{2DEED847-8792-4C57-94B7-DF609757D084}.Debug|Windows-AnyCPU.ActiveCfg = Debug|Any CPU
		{2DEED847-8792-4C57-94B7-DF609757D084}.Debug|Windows-AnyCPU.Build.0 = Debug|Any CPU
		{2DEED847-8792-4C57-94B7-DF609757D084}.Debug|Windows-ARM.ActiveCfg = Debug|Any CPU
		{2DEED847-8792-4C57-94B7-DF609757D084}.Debug|Windows-ARM.Build.0 = Debug|Any CPU
		{2DEED847-8792-4C57-94B7-DF609757D084}.Debug|Windows-x64.ActiveCfg = Debug|Any CPU
		{2DEED847-8792-4C57-94B7-DF609757D084}.Debug|Windows-x64.Build.0 = Debug|Any CPU
		{2DEED847-8792-4C57-94B7-DF609757D084}.Debug|Windows-x86.ActiveCfg = Debug|Any CPU
		{2DEED847-8792-4C57-94B7-DF609757D084}.Debug|Windows-x86.Build.0 = Debug|Any CPU
		{2DEED847-8792-4C57-94B7-DF609757D084}.Release|Android.ActiveCfg = Release|Any CPU
		{2DEED847-8792-4C57-94B7-DF609757D084}.Release|Android.Build.0 = Release|Any CPU
		{2DEED847-8792-4C57-94B7-DF609757D084}.Release|Any CPU.ActiveCfg = Release|Any CPU
		{2DEED847-8792-4C57-94B7-DF609757D084}.Release|Any CPU.Build.0 = Release|Any CPU
		{2DEED847-8792-4C57-94B7-DF609757D084}.Release|iOS.ActiveCfg = Release|Any CPU
		{2DEED847-8792-4C57-94B7-DF609757D084}.Release|iOS.Build.0 = Release|Any CPU
		{2DEED847-8792-4C57-94B7-DF609757D084}.Release|Windows Phone (Universal).ActiveCfg = Release|Any CPU
		{2DEED847-8792-4C57-94B7-DF609757D084}.Release|Windows Phone (Universal).Build.0 = Release|Any CPU
		{2DEED847-8792-4C57-94B7-DF609757D084}.Release|Windows Phone 8.ActiveCfg = Release|Any CPU
		{2DEED847-8792-4C57-94B7-DF609757D084}.Release|Windows Phone 8.Build.0 = Release|Any CPU
		{2DEED847-8792-4C57-94B7-DF609757D084}.Release|Windows-AnyCPU.ActiveCfg = Release|Any CPU
		{2DEED847-8792-4C57-94B7-DF609757D084}.Release|Windows-AnyCPU.Build.0 = Release|Any CPU
		{2DEED847-8792-4C57-94B7-DF609757D084}.Release|Windows-ARM.ActiveCfg = Release|Any CPU
		{2DEED847-8792-4C57-94B7-DF609757D084}.Release|Windows-ARM.Build.0 = Release|Any CPU
		{2DEED847-8792-4C57-94B7-DF609757D084}.Release|Windows-x64.ActiveCfg = Release|Any CPU
		{2DEED847-8792-4C57-94B7-DF609757D084}.Release|Windows-x64.Build.0 = Release|Any CPU
		{2DEED847-8792-4C57-94B7-DF609757D084}.Release|Windows-x86.ActiveCfg = Release|Any CPU
		{2DEED847-8792-4C57-94B7-DF609757D084}.Release|Windows-x86.Build.0 = Release|Any CPU
		{7356B55D-3A91-4525-812E-25DB850E80DD}.Debug|Android.ActiveCfg = Debug|Any CPU
		{7356B55D-3A91-4525-812E-25DB850E80DD}.Debug|Android.Build.0 = Debug|Any CPU
		{7356B55D-3A91-4525-812E-25DB850E80DD}.Debug|Any CPU.ActiveCfg = Debug|Any CPU
		{7356B55D-3A91-4525-812E-25DB850E80DD}.Debug|Any CPU.Build.0 = Debug|Any CPU
		{7356B55D-3A91-4525-812E-25DB850E80DD}.Debug|iOS.ActiveCfg = Debug|Any CPU
		{7356B55D-3A91-4525-812E-25DB850E80DD}.Debug|iOS.Build.0 = Debug|Any CPU
		{7356B55D-3A91-4525-812E-25DB850E80DD}.Debug|Windows Phone (Universal).ActiveCfg = Debug|Any CPU
		{7356B55D-3A91-4525-812E-25DB850E80DD}.Debug|Windows Phone (Universal).Build.0 = Debug|Any CPU
		{7356B55D-3A91-4525-812E-25DB850E80DD}.Debug|Windows Phone 8.ActiveCfg = Debug|Any CPU
		{7356B55D-3A91-4525-812E-25DB850E80DD}.Debug|Windows Phone 8.Build.0 = Debug|Any CPU
		{7356B55D-3A91-4525-812E-25DB850E80DD}.Debug|Windows-AnyCPU.ActiveCfg = Debug|Any CPU
		{7356B55D-3A91-4525-812E-25DB850E80DD}.Debug|Windows-AnyCPU.Build.0 = Debug|Any CPU
		{7356B55D-3A91-4525-812E-25DB850E80DD}.Debug|Windows-ARM.ActiveCfg = Debug|Any CPU
		{7356B55D-3A91-4525-812E-25DB850E80DD}.Debug|Windows-ARM.Build.0 = Debug|Any CPU
		{7356B55D-3A91-4525-812E-25DB850E80DD}.Debug|Windows-x64.ActiveCfg = Debug|Any CPU
		{7356B55D-3A91-4525-812E-25DB850E80DD}.Debug|Windows-x64.Build.0 = Debug|Any CPU
		{7356B55D-3A91-4525-812E-25DB850E80DD}.Debug|Windows-x86.ActiveCfg = Debug|Any CPU
		{7356B55D-3A91-4525-812E-25DB850E80DD}.Debug|Windows-x86.Build.0 = Debug|Any CPU
		{7356B55D-3A91-4525-812E-25DB850E80DD}.Release|Android.ActiveCfg = Release|Any CPU
		{7356B55D-3A91-4525-812E-25DB850E80DD}.Release|Android.Build.0 = Release|Any CPU
		{7356B55D-3A91-4525-812E-25DB850E80DD}.Release|Any CPU.ActiveCfg = Release|Any CPU
		{7356B55D-3A91-4525-812E-25DB850E80DD}.Release|Any CPU.Build.0 = Release|Any CPU
		{7356B55D-3A91-4525-812E-25DB850E80DD}.Release|iOS.ActiveCfg = Release|Any CPU
		{7356B55D-3A91-4525-812E-25DB850E80DD}.Release|iOS.Build.0 = Release|Any CPU
		{7356B55D-3A91-4525-812E-25DB850E80DD}.Release|Windows Phone (Universal).ActiveCfg = Release|Any CPU
		{7356B55D-3A91-4525-812E-25DB850E80DD}.Release|Windows Phone (Universal).Build.0 = Release|Any CPU
		{7356B55D-3A91-4525-812E-25DB850E80DD}.Release|Windows Phone 8.ActiveCfg = Release|Any CPU
		{7356B55D-3A91-4525-812E-25DB850E80DD}.Release|Windows Phone 8.Build.0 = Release|Any CPU
		{7356B55D-3A91-4525-812E-25DB850E80DD}.Release|Windows-AnyCPU.ActiveCfg = Release|Any CPU
		{7356B55D-3A91-4525-812E-25DB850E80DD}.Release|Windows-AnyCPU.Build.0 = Release|Any CPU
		{7356B55D-3A91-4525-812E-25DB850E80DD}.Release|Windows-ARM.ActiveCfg = Release|Any CPU
		{7356B55D-3A91-4525-812E-25DB850E80DD}.Release|Windows-ARM.Build.0 = Release|Any CPU
		{7356B55D-3A91-4525-812E-25DB850E80DD}.Release|Windows-x64.ActiveCfg = Release|Any CPU
		{7356B55D-3A91-4525-812E-25DB850E80DD}.Release|Windows-x64.Build.0 = Release|Any CPU
		{7356B55D-3A91-4525-812E-25DB850E80DD}.Release|Windows-x86.ActiveCfg = Release|Any CPU
		{7356B55D-3A91-4525-812E-25DB850E80DD}.Release|Windows-x86.Build.0 = Release|Any CPU
	EndGlobalSection
	GlobalSection(SolutionProperties) = preSolution
		HideSolutionNode = FALSE
	EndGlobalSection
EndGlobal
