
Microsoft Visual Studio Solution File, Format Version 12.00
# Visual Studio 15
VisualStudioVersion = 15.0.27130.2010
MinimumVisualStudioVersion = 10.0.40219.1
Project("{9092AA53-FB77-4645-B42D-1CCCA6BD08BD}") = "tuvero", "tuvero.njsproj", "{C6362633-FD56-4844-B76F-8373BF3259D9}"
EndProject
Project("{262852C6-CD72-467D-83FE-5EEB1973A190}") = "mobile", "mobile\mobile.jsproj", "{EBE59167-64F3-413C-8295-44D072839E03}"
EndProject
Project("{9092AA53-FB77-4645-B42D-1CCCA6BD08BD}") = "cli", "cli\cli.njsproj", "{2DEED847-8792-4C57-94B7-DF609757D084}"
EndProject
Project("{888888A0-9F3D-457C-B088-3A5042F75D52}") = "turniere.tuvero.de", "..\turniere.tuvero.de\turniere.tuvero.de.pyproj", "{E6EFB1D4-9115-47E0-BDC9-4E59B6BC39C8}"
EndProject
Project("{888888A0-9F3D-457C-B088-3A5042F75D52}") = "tuvero-issue", "..\tuvero-issue\tuvero-issue.pyproj", "{97662D41-71E1-4402-A367-20750E8EBF72}"
EndProject
Project("{9092AA53-FB77-4645-B42D-1CCCA6BD08BD}") = "tuvero-next", "..\tuvero-next\tuvero-next.njsproj", "{CF8CD942-D7DD-4688-8B1E-013F42850DC1}"
EndProject
Project("{9092AA53-FB77-4645-B42D-1CCCA6BD08BD}") = "tuvero-redirect", "..\tuvero-redirect\tuvero-redirect.njsproj", "{4F8281A9-634A-4ACC-8892-578E21D13332}"
EndProject
Project("{9092AA53-FB77-4645-B42D-1CCCA6BD08BD}") = "libtuvero", "..\libtuvero\libtuvero.njsproj", "{DEE5A37D-0472-46EE-84C0-4BB13571CFDD}"
EndProject
Global
	GlobalSection(SolutionConfigurationPlatforms) = preSolution
		Debug|Android = Debug|Android
		Debug|Any CPU = Debug|Any CPU
		Debug|iOS = Debug|iOS
		Debug|Windows Phone (Universal) = Debug|Windows Phone (Universal)
		Debug|Windows Phone 8 = Debug|Windows Phone 8
		Debug|Windows-AnyCPU = Debug|Windows-AnyCPU
		Debug|Windows-ARM = Debug|Windows-ARM
		Debug|Windows-x64 = Debug|Windows-x64
		Debug|Windows-x86 = Debug|Windows-x86
		Release|Android = Release|Android
		Release|Any CPU = Release|Any CPU
		Release|iOS = Release|iOS
		Release|Windows Phone (Universal) = Release|Windows Phone (Universal)
		Release|Windows Phone 8 = Release|Windows Phone 8
		Release|Windows-AnyCPU = Release|Windows-AnyCPU
		Release|Windows-ARM = Release|Windows-ARM
		Release|Windows-x64 = Release|Windows-x64
		Release|Windows-x86 = Release|Windows-x86
	EndGlobalSection
	GlobalSection(ProjectConfigurationPlatforms) = postSolution
		{C6362633-FD56-4844-B76F-8373BF3259D9}.Debug|Android.ActiveCfg = Debug|Any CPU
		{C6362633-FD56-4844-B76F-8373BF3259D9}.Debug|Android.Build.0 = Debug|Any CPU
		{C6362633-FD56-4844-B76F-8373BF3259D9}.Debug|Any CPU.ActiveCfg = Debug|Any CPU
		{C6362633-FD56-4844-B76F-8373BF3259D9}.Debug|Any CPU.Build.0 = Debug|Any CPU
		{C6362633-FD56-4844-B76F-8373BF3259D9}.Debug|iOS.ActiveCfg = Debug|Any CPU
		{C6362633-FD56-4844-B76F-8373BF3259D9}.Debug|iOS.Build.0 = Debug|Any CPU
		{C6362633-FD56-4844-B76F-8373BF3259D9}.Debug|Windows Phone (Universal).ActiveCfg = Debug|Any CPU
		{C6362633-FD56-4844-B76F-8373BF3259D9}.Debug|Windows Phone (Universal).Build.0 = Debug|Any CPU
		{C6362633-FD56-4844-B76F-8373BF3259D9}.Debug|Windows Phone 8.ActiveCfg = Debug|Any CPU
		{C6362633-FD56-4844-B76F-8373BF3259D9}.Debug|Windows Phone 8.Build.0 = Debug|Any CPU
		{C6362633-FD56-4844-B76F-8373BF3259D9}.Debug|Windows-AnyCPU.ActiveCfg = Debug|Any CPU
		{C6362633-FD56-4844-B76F-8373BF3259D9}.Debug|Windows-AnyCPU.Build.0 = Debug|Any CPU
		{C6362633-FD56-4844-B76F-8373BF3259D9}.Debug|Windows-ARM.ActiveCfg = Debug|Any CPU
		{C6362633-FD56-4844-B76F-8373BF3259D9}.Debug|Windows-ARM.Build.0 = Debug|Any CPU
		{C6362633-FD56-4844-B76F-8373BF3259D9}.Debug|Windows-x64.ActiveCfg = Debug|Any CPU
		{C6362633-FD56-4844-B76F-8373BF3259D9}.Debug|Windows-x64.Build.0 = Debug|Any CPU
		{C6362633-FD56-4844-B76F-8373BF3259D9}.Debug|Windows-x86.ActiveCfg = Debug|Any CPU
		{C6362633-FD56-4844-B76F-8373BF3259D9}.Debug|Windows-x86.Build.0 = Debug|Any CPU
		{C6362633-FD56-4844-B76F-8373BF3259D9}.Release|Android.ActiveCfg = Release|Any CPU
		{C6362633-FD56-4844-B76F-8373BF3259D9}.Release|Android.Build.0 = Release|Any CPU
		{C6362633-FD56-4844-B76F-8373BF3259D9}.Release|Any CPU.ActiveCfg = Release|Any CPU
		{C6362633-FD56-4844-B76F-8373BF3259D9}.Release|Any CPU.Build.0 = Release|Any CPU
		{C6362633-FD56-4844-B76F-8373BF3259D9}.Release|iOS.ActiveCfg = Release|Any CPU
		{C6362633-FD56-4844-B76F-8373BF3259D9}.Release|iOS.Build.0 = Release|Any CPU
		{C6362633-FD56-4844-B76F-8373BF3259D9}.Release|Windows Phone (Universal).ActiveCfg = Release|Any CPU
		{C6362633-FD56-4844-B76F-8373BF3259D9}.Release|Windows Phone (Universal).Build.0 = Release|Any CPU
		{C6362633-FD56-4844-B76F-8373BF3259D9}.Release|Windows Phone 8.ActiveCfg = Release|Any CPU
		{C6362633-FD56-4844-B76F-8373BF3259D9}.Release|Windows Phone 8.Build.0 = Release|Any CPU
		{C6362633-FD56-4844-B76F-8373BF3259D9}.Release|Windows-AnyCPU.ActiveCfg = Release|Any CPU
		{C6362633-FD56-4844-B76F-8373BF3259D9}.Release|Windows-AnyCPU.Build.0 = Release|Any CPU
		{C6362633-FD56-4844-B76F-8373BF3259D9}.Release|Windows-ARM.ActiveCfg = Release|Any CPU
		{C6362633-FD56-4844-B76F-8373BF3259D9}.Release|Windows-ARM.Build.0 = Release|Any CPU
		{C6362633-FD56-4844-B76F-8373BF3259D9}.Release|Windows-x64.ActiveCfg = Release|Any CPU
		{C6362633-FD56-4844-B76F-8373BF3259D9}.Release|Windows-x64.Build.0 = Release|Any CPU
		{C6362633-FD56-4844-B76F-8373BF3259D9}.Release|Windows-x86.ActiveCfg = Release|Any CPU
		{C6362633-FD56-4844-B76F-8373BF3259D9}.Release|Windows-x86.Build.0 = Release|Any CPU
		{EBE59167-64F3-413C-8295-44D072839E03}.Debug|Android.ActiveCfg = Debug|Android
		{EBE59167-64F3-413C-8295-44D072839E03}.Debug|Android.Build.0 = Debug|Android
		{EBE59167-64F3-413C-8295-44D072839E03}.Debug|Android.Deploy.0 = Debug|Android
		{EBE59167-64F3-413C-8295-44D072839E03}.Debug|Any CPU.ActiveCfg = Debug|Android
		{EBE59167-64F3-413C-8295-44D072839E03}.Debug|iOS.ActiveCfg = Debug|iOS
		{EBE59167-64F3-413C-8295-44D072839E03}.Debug|iOS.Build.0 = Debug|iOS
		{EBE59167-64F3-413C-8295-44D072839E03}.Debug|iOS.Deploy.0 = Debug|iOS
		{EBE59167-64F3-413C-8295-44D072839E03}.Debug|Windows Phone (Universal).ActiveCfg = Debug|Windows Phone (Universal)
		{EBE59167-64F3-413C-8295-44D072839E03}.Debug|Windows Phone (Universal).Build.0 = Debug|Windows Phone (Universal)
		{EBE59167-64F3-413C-8295-44D072839E03}.Debug|Windows Phone (Universal).Deploy.0 = Debug|Windows Phone (Universal)
		{EBE59167-64F3-413C-8295-44D072839E03}.Debug|Windows Phone 8.ActiveCfg = Debug|Windows Phone 8
		{EBE59167-64F3-413C-8295-44D072839E03}.Debug|Windows Phone 8.Build.0 = Debug|Windows Phone 8
		{EBE59167-64F3-413C-8295-44D072839E03}.Debug|Windows Phone 8.Deploy.0 = Debug|Windows Phone 8
		{EBE59167-64F3-413C-8295-44D072839E03}.Debug|Windows-AnyCPU.ActiveCfg = Debug|Windows-AnyCPU
		{EBE59167-64F3-413C-8295-44D072839E03}.Debug|Windows-AnyCPU.Build.0 = Debug|Windows-AnyCPU
		{EBE59167-64F3-413C-8295-44D072839E03}.Debug|Windows-AnyCPU.Deploy.0 = Debug|Windows-AnyCPU
		{EBE59167-64F3-413C-8295-44D072839E03}.Debug|Windows-ARM.ActiveCfg = Debug|Windows-ARM
		{EBE59167-64F3-413C-8295-44D072839E03}.Debug|Windows-ARM.Build.0 = Debug|Windows-ARM
		{EBE59167-64F3-413C-8295-44D072839E03}.Debug|Windows-ARM.Deploy.0 = Debug|Windows-ARM
		{EBE59167-64F3-413C-8295-44D072839E03}.Debug|Windows-x64.ActiveCfg = Debug|Windows-x64
		{EBE59167-64F3-413C-8295-44D072839E03}.Debug|Windows-x64.Build.0 = Debug|Windows-x64
		{EBE59167-64F3-413C-8295-44D072839E03}.Debug|Windows-x64.Deploy.0 = Debug|Windows-x64
		{EBE59167-64F3-413C-8295-44D072839E03}.Debug|Windows-x86.ActiveCfg = Debug|Windows-x86
		{EBE59167-64F3-413C-8295-44D072839E03}.Debug|Windows-x86.Build.0 = Debug|Windows-x86
		{EBE59167-64F3-413C-8295-44D072839E03}.Debug|Windows-x86.Deploy.0 = Debug|Windows-x86
		{EBE59167-64F3-413C-8295-44D072839E03}.Release|Android.ActiveCfg = Release|Android
		{EBE59167-64F3-413C-8295-44D072839E03}.Release|Android.Build.0 = Release|Android
		{EBE59167-64F3-413C-8295-44D072839E03}.Release|Android.Deploy.0 = Release|Android
		{EBE59167-64F3-413C-8295-44D072839E03}.Release|Any CPU.ActiveCfg = Release|Android
		{EBE59167-64F3-413C-8295-44D072839E03}.Release|iOS.ActiveCfg = Release|iOS
		{EBE59167-64F3-413C-8295-44D072839E03}.Release|iOS.Build.0 = Release|iOS
		{EBE59167-64F3-413C-8295-44D072839E03}.Release|iOS.Deploy.0 = Release|iOS
		{EBE59167-64F3-413C-8295-44D072839E03}.Release|Windows Phone (Universal).ActiveCfg = Release|Windows Phone (Universal)
		{EBE59167-64F3-413C-8295-44D072839E03}.Release|Windows Phone (Universal).Build.0 = Release|Windows Phone (Universal)
		{EBE59167-64F3-413C-8295-44D072839E03}.Release|Windows Phone (Universal).Deploy.0 = Release|Windows Phone (Universal)
		{EBE59167-64F3-413C-8295-44D072839E03}.Release|Windows Phone 8.ActiveCfg = Release|Windows Phone 8
		{EBE59167-64F3-413C-8295-44D072839E03}.Release|Windows Phone 8.Build.0 = Release|Windows Phone 8
		{EBE59167-64F3-413C-8295-44D072839E03}.Release|Windows Phone 8.Deploy.0 = Release|Windows Phone 8
		{EBE59167-64F3-413C-8295-44D072839E03}.Release|Windows-AnyCPU.ActiveCfg = Release|Windows-AnyCPU
		{EBE59167-64F3-413C-8295-44D072839E03}.Release|Windows-AnyCPU.Build.0 = Release|Windows-AnyCPU
		{EBE59167-64F3-413C-8295-44D072839E03}.Release|Windows-AnyCPU.Deploy.0 = Release|Windows-AnyCPU
		{EBE59167-64F3-413C-8295-44D072839E03}.Release|Windows-ARM.ActiveCfg = Release|Windows-ARM
		{EBE59167-64F3-413C-8295-44D072839E03}.Release|Windows-ARM.Build.0 = Release|Windows-ARM
		{EBE59167-64F3-413C-8295-44D072839E03}.Release|Windows-ARM.Deploy.0 = Release|Windows-ARM
		{EBE59167-64F3-413C-8295-44D072839E03}.Release|Windows-x64.ActiveCfg = Release|Windows-x64
		{EBE59167-64F3-413C-8295-44D072839E03}.Release|Windows-x64.Build.0 = Release|Windows-x64
		{EBE59167-64F3-413C-8295-44D072839E03}.Release|Windows-x64.Deploy.0 = Release|Windows-x64
		{EBE59167-64F3-413C-8295-44D072839E03}.Release|Windows-x86.ActiveCfg = Release|Windows-x86
		{EBE59167-64F3-413C-8295-44D072839E03}.Release|Windows-x86.Build.0 = Release|Windows-x86
		{EBE59167-64F3-413C-8295-44D072839E03}.Release|Windows-x86.Deploy.0 = Release|Windows-x86
		{2DEED847-8792-4C57-94B7-DF609757D084}.Debug|Android.ActiveCfg = Debug|Any CPU
		{2DEED847-8792-4C57-94B7-DF609757D084}.Debug|Android.Build.0 = Debug|Any CPU
		{2DEED847-8792-4C57-94B7-DF609757D084}.Debug|Any CPU.ActiveCfg = Debug|Any CPU
		{2DEED847-8792-4C57-94B7-DF609757D084}.Debug|Any CPU.Build.0 = Debug|Any CPU
		{2DEED847-8792-4C57-94B7-DF609757D084}.Debug|iOS.ActiveCfg = Debug|Any CPU
		{2DEED847-8792-4C57-94B7-DF609757D084}.Debug|iOS.Build.0 = Debug|Any CPU
		{2DEED847-8792-4C57-94B7-DF609757D084}.Debug|Windows Phone (Universal).ActiveCfg = Debug|Any CPU
		{2DEED847-8792-4C57-94B7-DF609757D084}.Debug|Windows Phone (Universal).Build.0 = Debug|Any CPU
		{2DEED847-8792-4C57-94B7-DF609757D084}.Debug|Windows Phone 8.ActiveCfg = Debug|Any CPU
		{2DEED847-8792-4C57-94B7-DF609757D084}.Debug|Windows Phone 8.Build.0 = Debug|Any CPU
		{2DEED847-8792-4C57-94B7-DF609757D084}.Debug|Windows-AnyCPU.ActiveCfg = Debug|Any CPU
		{2DEED847-8792-4C57-94B7-DF609757D084}.Debug|Windows-AnyCPU.Build.0 = Debug|Any CPU
		{2DEED847-8792-4C57-94B7-DF609757D084}.Debug|Windows-ARM.ActiveCfg = Debug|Any CPU
		{2DEED847-8792-4C57-94B7-DF609757D084}.Debug|Windows-ARM.Build.0 = Debug|Any CPU
		{2DEED847-8792-4C57-94B7-DF609757D084}.Debug|Windows-x64.ActiveCfg = Debug|Any CPU
		{2DEED847-8792-4C57-94B7-DF609757D084}.Debug|Windows-x64.Build.0 = Debug|Any CPU
		{2DEED847-8792-4C57-94B7-DF609757D084}.Debug|Windows-x86.ActiveCfg = Debug|Any CPU
		{2DEED847-8792-4C57-94B7-DF609757D084}.Debug|Windows-x86.Build.0 = Debug|Any CPU
		{2DEED847-8792-4C57-94B7-DF609757D084}.Release|Android.ActiveCfg = Release|Any CPU
		{2DEED847-8792-4C57-94B7-DF609757D084}.Release|Android.Build.0 = Release|Any CPU
		{2DEED847-8792-4C57-94B7-DF609757D084}.Release|Any CPU.ActiveCfg = Release|Any CPU
		{2DEED847-8792-4C57-94B7-DF609757D084}.Release|Any CPU.Build.0 = Release|Any CPU
		{2DEED847-8792-4C57-94B7-DF609757D084}.Release|iOS.ActiveCfg = Release|Any CPU
		{2DEED847-8792-4C57-94B7-DF609757D084}.Release|iOS.Build.0 = Release|Any CPU
		{2DEED847-8792-4C57-94B7-DF609757D084}.Release|Windows Phone (Universal).ActiveCfg = Release|Any CPU
		{2DEED847-8792-4C57-94B7-DF609757D084}.Release|Windows Phone (Universal).Build.0 = Release|Any CPU
		{2DEED847-8792-4C57-94B7-DF609757D084}.Release|Windows Phone 8.ActiveCfg = Release|Any CPU
		{2DEED847-8792-4C57-94B7-DF609757D084}.Release|Windows Phone 8.Build.0 = Release|Any CPU
		{2DEED847-8792-4C57-94B7-DF609757D084}.Release|Windows-AnyCPU.ActiveCfg = Release|Any CPU
		{2DEED847-8792-4C57-94B7-DF609757D084}.Release|Windows-AnyCPU.Build.0 = Release|Any CPU
		{2DEED847-8792-4C57-94B7-DF609757D084}.Release|Windows-ARM.ActiveCfg = Release|Any CPU
		{2DEED847-8792-4C57-94B7-DF609757D084}.Release|Windows-ARM.Build.0 = Release|Any CPU
		{2DEED847-8792-4C57-94B7-DF609757D084}.Release|Windows-x64.ActiveCfg = Release|Any CPU
		{2DEED847-8792-4C57-94B7-DF609757D084}.Release|Windows-x64.Build.0 = Release|Any CPU
		{2DEED847-8792-4C57-94B7-DF609757D084}.Release|Windows-x86.ActiveCfg = Release|Any CPU
		{2DEED847-8792-4C57-94B7-DF609757D084}.Release|Windows-x86.Build.0 = Release|Any CPU
		{E6EFB1D4-9115-47E0-BDC9-4E59B6BC39C8}.Debug|Android.ActiveCfg = Debug|Any CPU
		{E6EFB1D4-9115-47E0-BDC9-4E59B6BC39C8}.Debug|Android.Build.0 = Debug|Any CPU
		{E6EFB1D4-9115-47E0-BDC9-4E59B6BC39C8}.Debug|Any CPU.ActiveCfg = Debug|Any CPU
		{E6EFB1D4-9115-47E0-BDC9-4E59B6BC39C8}.Debug|Any CPU.Build.0 = Debug|Any CPU
		{E6EFB1D4-9115-47E0-BDC9-4E59B6BC39C8}.Debug|iOS.ActiveCfg = Debug|Any CPU
		{E6EFB1D4-9115-47E0-BDC9-4E59B6BC39C8}.Debug|iOS.Build.0 = Debug|Any CPU
		{E6EFB1D4-9115-47E0-BDC9-4E59B6BC39C8}.Debug|Windows Phone (Universal).ActiveCfg = Debug|Any CPU
		{E6EFB1D4-9115-47E0-BDC9-4E59B6BC39C8}.Debug|Windows Phone (Universal).Build.0 = Debug|Any CPU
		{E6EFB1D4-9115-47E0-BDC9-4E59B6BC39C8}.Debug|Windows Phone 8.ActiveCfg = Debug|Any CPU
		{E6EFB1D4-9115-47E0-BDC9-4E59B6BC39C8}.Debug|Windows Phone 8.Build.0 = Debug|Any CPU
		{E6EFB1D4-9115-47E0-BDC9-4E59B6BC39C8}.Debug|Windows-AnyCPU.ActiveCfg = Debug|Any CPU
		{E6EFB1D4-9115-47E0-BDC9-4E59B6BC39C8}.Debug|Windows-AnyCPU.Build.0 = Debug|Any CPU
		{E6EFB1D4-9115-47E0-BDC9-4E59B6BC39C8}.Debug|Windows-ARM.ActiveCfg = Debug|Any CPU
		{E6EFB1D4-9115-47E0-BDC9-4E59B6BC39C8}.Debug|Windows-ARM.Build.0 = Debug|Any CPU
		{E6EFB1D4-9115-47E0-BDC9-4E59B6BC39C8}.Debug|Windows-x64.ActiveCfg = Debug|Any CPU
		{E6EFB1D4-9115-47E0-BDC9-4E59B6BC39C8}.Debug|Windows-x64.Build.0 = Debug|Any CPU
		{E6EFB1D4-9115-47E0-BDC9-4E59B6BC39C8}.Debug|Windows-x86.ActiveCfg = Debug|Any CPU
		{E6EFB1D4-9115-47E0-BDC9-4E59B6BC39C8}.Debug|Windows-x86.Build.0 = Debug|Any CPU
		{E6EFB1D4-9115-47E0-BDC9-4E59B6BC39C8}.Release|Android.ActiveCfg = Release|Any CPU
		{E6EFB1D4-9115-47E0-BDC9-4E59B6BC39C8}.Release|Android.Build.0 = Release|Any CPU
		{E6EFB1D4-9115-47E0-BDC9-4E59B6BC39C8}.Release|Any CPU.ActiveCfg = Release|Any CPU
		{E6EFB1D4-9115-47E0-BDC9-4E59B6BC39C8}.Release|Any CPU.Build.0 = Release|Any CPU
		{E6EFB1D4-9115-47E0-BDC9-4E59B6BC39C8}.Release|iOS.ActiveCfg = Release|Any CPU
		{E6EFB1D4-9115-47E0-BDC9-4E59B6BC39C8}.Release|iOS.Build.0 = Release|Any CPU
		{E6EFB1D4-9115-47E0-BDC9-4E59B6BC39C8}.Release|Windows Phone (Universal).ActiveCfg = Release|Any CPU
		{E6EFB1D4-9115-47E0-BDC9-4E59B6BC39C8}.Release|Windows Phone (Universal).Build.0 = Release|Any CPU
		{E6EFB1D4-9115-47E0-BDC9-4E59B6BC39C8}.Release|Windows Phone 8.ActiveCfg = Release|Any CPU
		{E6EFB1D4-9115-47E0-BDC9-4E59B6BC39C8}.Release|Windows Phone 8.Build.0 = Release|Any CPU
		{E6EFB1D4-9115-47E0-BDC9-4E59B6BC39C8}.Release|Windows-AnyCPU.ActiveCfg = Release|Any CPU
		{E6EFB1D4-9115-47E0-BDC9-4E59B6BC39C8}.Release|Windows-AnyCPU.Build.0 = Release|Any CPU
		{E6EFB1D4-9115-47E0-BDC9-4E59B6BC39C8}.Release|Windows-ARM.ActiveCfg = Release|Any CPU
		{E6EFB1D4-9115-47E0-BDC9-4E59B6BC39C8}.Release|Windows-ARM.Build.0 = Release|Any CPU
		{E6EFB1D4-9115-47E0-BDC9-4E59B6BC39C8}.Release|Windows-x64.ActiveCfg = Release|Any CPU
		{E6EFB1D4-9115-47E0-BDC9-4E59B6BC39C8}.Release|Windows-x64.Build.0 = Release|Any CPU
		{E6EFB1D4-9115-47E0-BDC9-4E59B6BC39C8}.Release|Windows-x86.ActiveCfg = Release|Any CPU
		{E6EFB1D4-9115-47E0-BDC9-4E59B6BC39C8}.Release|Windows-x86.Build.0 = Release|Any CPU
		{97662D41-71E1-4402-A367-20750E8EBF72}.Debug|Android.ActiveCfg = Debug|Any CPU
		{97662D41-71E1-4402-A367-20750E8EBF72}.Debug|Android.Build.0 = Debug|Any CPU
		{97662D41-71E1-4402-A367-20750E8EBF72}.Debug|Any CPU.ActiveCfg = Debug|Any CPU
		{97662D41-71E1-4402-A367-20750E8EBF72}.Debug|Any CPU.Build.0 = Debug|Any CPU
		{97662D41-71E1-4402-A367-20750E8EBF72}.Debug|iOS.ActiveCfg = Debug|Any CPU
		{97662D41-71E1-4402-A367-20750E8EBF72}.Debug|iOS.Build.0 = Debug|Any CPU
		{97662D41-71E1-4402-A367-20750E8EBF72}.Debug|Windows Phone (Universal).ActiveCfg = Debug|Any CPU
		{97662D41-71E1-4402-A367-20750E8EBF72}.Debug|Windows Phone (Universal).Build.0 = Debug|Any CPU
		{97662D41-71E1-4402-A367-20750E8EBF72}.Debug|Windows Phone 8.ActiveCfg = Debug|Any CPU
		{97662D41-71E1-4402-A367-20750E8EBF72}.Debug|Windows Phone 8.Build.0 = Debug|Any CPU
		{97662D41-71E1-4402-A367-20750E8EBF72}.Debug|Windows-AnyCPU.ActiveCfg = Debug|Any CPU
		{97662D41-71E1-4402-A367-20750E8EBF72}.Debug|Windows-AnyCPU.Build.0 = Debug|Any CPU
		{97662D41-71E1-4402-A367-20750E8EBF72}.Debug|Windows-ARM.ActiveCfg = Debug|Any CPU
		{97662D41-71E1-4402-A367-20750E8EBF72}.Debug|Windows-ARM.Build.0 = Debug|Any CPU
		{97662D41-71E1-4402-A367-20750E8EBF72}.Debug|Windows-x64.ActiveCfg = Debug|Any CPU
		{97662D41-71E1-4402-A367-20750E8EBF72}.Debug|Windows-x64.Build.0 = Debug|Any CPU
		{97662D41-71E1-4402-A367-20750E8EBF72}.Debug|Windows-x86.ActiveCfg = Debug|Any CPU
		{97662D41-71E1-4402-A367-20750E8EBF72}.Debug|Windows-x86.Build.0 = Debug|Any CPU
		{97662D41-71E1-4402-A367-20750E8EBF72}.Release|Android.ActiveCfg = Release|Any CPU
		{97662D41-71E1-4402-A367-20750E8EBF72}.Release|Android.Build.0 = Release|Any CPU
		{97662D41-71E1-4402-A367-20750E8EBF72}.Release|Any CPU.ActiveCfg = Release|Any CPU
		{97662D41-71E1-4402-A367-20750E8EBF72}.Release|Any CPU.Build.0 = Release|Any CPU
		{97662D41-71E1-4402-A367-20750E8EBF72}.Release|iOS.ActiveCfg = Release|Any CPU
		{97662D41-71E1-4402-A367-20750E8EBF72}.Release|iOS.Build.0 = Release|Any CPU
		{97662D41-71E1-4402-A367-20750E8EBF72}.Release|Windows Phone (Universal).ActiveCfg = Release|Any CPU
		{97662D41-71E1-4402-A367-20750E8EBF72}.Release|Windows Phone (Universal).Build.0 = Release|Any CPU
		{97662D41-71E1-4402-A367-20750E8EBF72}.Release|Windows Phone 8.ActiveCfg = Release|Any CPU
		{97662D41-71E1-4402-A367-20750E8EBF72}.Release|Windows Phone 8.Build.0 = Release|Any CPU
		{97662D41-71E1-4402-A367-20750E8EBF72}.Release|Windows-AnyCPU.ActiveCfg = Release|Any CPU
		{97662D41-71E1-4402-A367-20750E8EBF72}.Release|Windows-AnyCPU.Build.0 = Release|Any CPU
		{97662D41-71E1-4402-A367-20750E8EBF72}.Release|Windows-ARM.ActiveCfg = Release|Any CPU
		{97662D41-71E1-4402-A367-20750E8EBF72}.Release|Windows-ARM.Build.0 = Release|Any CPU
		{97662D41-71E1-4402-A367-20750E8EBF72}.Release|Windows-x64.ActiveCfg = Release|Any CPU
		{97662D41-71E1-4402-A367-20750E8EBF72}.Release|Windows-x64.Build.0 = Release|Any CPU
		{97662D41-71E1-4402-A367-20750E8EBF72}.Release|Windows-x86.ActiveCfg = Release|Any CPU
		{97662D41-71E1-4402-A367-20750E8EBF72}.Release|Windows-x86.Build.0 = Release|Any CPU
		{CF8CD942-D7DD-4688-8B1E-013F42850DC1}.Debug|Android.ActiveCfg = Debug|Any CPU
		{CF8CD942-D7DD-4688-8B1E-013F42850DC1}.Debug|Android.Build.0 = Debug|Any CPU
		{CF8CD942-D7DD-4688-8B1E-013F42850DC1}.Debug|Any CPU.ActiveCfg = Debug|Any CPU
		{CF8CD942-D7DD-4688-8B1E-013F42850DC1}.Debug|Any CPU.Build.0 = Debug|Any CPU
		{CF8CD942-D7DD-4688-8B1E-013F42850DC1}.Debug|iOS.ActiveCfg = Debug|Any CPU
		{CF8CD942-D7DD-4688-8B1E-013F42850DC1}.Debug|iOS.Build.0 = Debug|Any CPU
		{CF8CD942-D7DD-4688-8B1E-013F42850DC1}.Debug|Windows Phone (Universal).ActiveCfg = Debug|Any CPU
		{CF8CD942-D7DD-4688-8B1E-013F42850DC1}.Debug|Windows Phone (Universal).Build.0 = Debug|Any CPU
		{CF8CD942-D7DD-4688-8B1E-013F42850DC1}.Debug|Windows Phone 8.ActiveCfg = Debug|Any CPU
		{CF8CD942-D7DD-4688-8B1E-013F42850DC1}.Debug|Windows Phone 8.Build.0 = Debug|Any CPU
		{CF8CD942-D7DD-4688-8B1E-013F42850DC1}.Debug|Windows-AnyCPU.ActiveCfg = Debug|Any CPU
		{CF8CD942-D7DD-4688-8B1E-013F42850DC1}.Debug|Windows-AnyCPU.Build.0 = Debug|Any CPU
		{CF8CD942-D7DD-4688-8B1E-013F42850DC1}.Debug|Windows-ARM.ActiveCfg = Debug|Any CPU
		{CF8CD942-D7DD-4688-8B1E-013F42850DC1}.Debug|Windows-ARM.Build.0 = Debug|Any CPU
		{CF8CD942-D7DD-4688-8B1E-013F42850DC1}.Debug|Windows-x64.ActiveCfg = Debug|Any CPU
		{CF8CD942-D7DD-4688-8B1E-013F42850DC1}.Debug|Windows-x64.Build.0 = Debug|Any CPU
		{CF8CD942-D7DD-4688-8B1E-013F42850DC1}.Debug|Windows-x86.ActiveCfg = Debug|Any CPU
		{CF8CD942-D7DD-4688-8B1E-013F42850DC1}.Debug|Windows-x86.Build.0 = Debug|Any CPU
		{CF8CD942-D7DD-4688-8B1E-013F42850DC1}.Release|Android.ActiveCfg = Release|Any CPU
		{CF8CD942-D7DD-4688-8B1E-013F42850DC1}.Release|Android.Build.0 = Release|Any CPU
		{CF8CD942-D7DD-4688-8B1E-013F42850DC1}.Release|Any CPU.ActiveCfg = Release|Any CPU
		{CF8CD942-D7DD-4688-8B1E-013F42850DC1}.Release|Any CPU.Build.0 = Release|Any CPU
		{CF8CD942-D7DD-4688-8B1E-013F42850DC1}.Release|iOS.ActiveCfg = Release|Any CPU
		{CF8CD942-D7DD-4688-8B1E-013F42850DC1}.Release|iOS.Build.0 = Release|Any CPU
		{CF8CD942-D7DD-4688-8B1E-013F42850DC1}.Release|Windows Phone (Universal).ActiveCfg = Release|Any CPU
		{CF8CD942-D7DD-4688-8B1E-013F42850DC1}.Release|Windows Phone (Universal).Build.0 = Release|Any CPU
		{CF8CD942-D7DD-4688-8B1E-013F42850DC1}.Release|Windows Phone 8.ActiveCfg = Release|Any CPU
		{CF8CD942-D7DD-4688-8B1E-013F42850DC1}.Release|Windows Phone 8.Build.0 = Release|Any CPU
		{CF8CD942-D7DD-4688-8B1E-013F42850DC1}.Release|Windows-AnyCPU.ActiveCfg = Release|Any CPU
		{CF8CD942-D7DD-4688-8B1E-013F42850DC1}.Release|Windows-AnyCPU.Build.0 = Release|Any CPU
		{CF8CD942-D7DD-4688-8B1E-013F42850DC1}.Release|Windows-ARM.ActiveCfg = Release|Any CPU
		{CF8CD942-D7DD-4688-8B1E-013F42850DC1}.Release|Windows-ARM.Build.0 = Release|Any CPU
		{CF8CD942-D7DD-4688-8B1E-013F42850DC1}.Release|Windows-x64.ActiveCfg = Release|Any CPU
		{CF8CD942-D7DD-4688-8B1E-013F42850DC1}.Release|Windows-x64.Build.0 = Release|Any CPU
		{CF8CD942-D7DD-4688-8B1E-013F42850DC1}.Release|Windows-x86.ActiveCfg = Release|Any CPU
		{CF8CD942-D7DD-4688-8B1E-013F42850DC1}.Release|Windows-x86.Build.0 = Release|Any CPU
		{4F8281A9-634A-4ACC-8892-578E21D13332}.Debug|Android.ActiveCfg = Debug|Any CPU
		{4F8281A9-634A-4ACC-8892-578E21D13332}.Debug|Android.Build.0 = Debug|Any CPU
		{4F8281A9-634A-4ACC-8892-578E21D13332}.Debug|Any CPU.ActiveCfg = Debug|Any CPU
		{4F8281A9-634A-4ACC-8892-578E21D13332}.Debug|Any CPU.Build.0 = Debug|Any CPU
		{4F8281A9-634A-4ACC-8892-578E21D13332}.Debug|iOS.ActiveCfg = Debug|Any CPU
		{4F8281A9-634A-4ACC-8892-578E21D13332}.Debug|iOS.Build.0 = Debug|Any CPU
		{4F8281A9-634A-4ACC-8892-578E21D13332}.Debug|Windows Phone (Universal).ActiveCfg = Debug|Any CPU
		{4F8281A9-634A-4ACC-8892-578E21D13332}.Debug|Windows Phone (Universal).Build.0 = Debug|Any CPU
		{4F8281A9-634A-4ACC-8892-578E21D13332}.Debug|Windows Phone 8.ActiveCfg = Debug|Any CPU
		{4F8281A9-634A-4ACC-8892-578E21D13332}.Debug|Windows Phone 8.Build.0 = Debug|Any CPU
		{4F8281A9-634A-4ACC-8892-578E21D13332}.Debug|Windows-AnyCPU.ActiveCfg = Debug|Any CPU
		{4F8281A9-634A-4ACC-8892-578E21D13332}.Debug|Windows-AnyCPU.Build.0 = Debug|Any CPU
		{4F8281A9-634A-4ACC-8892-578E21D13332}.Debug|Windows-ARM.ActiveCfg = Debug|Any CPU
		{4F8281A9-634A-4ACC-8892-578E21D13332}.Debug|Windows-ARM.Build.0 = Debug|Any CPU
		{4F8281A9-634A-4ACC-8892-578E21D13332}.Debug|Windows-x64.ActiveCfg = Debug|Any CPU
		{4F8281A9-634A-4ACC-8892-578E21D13332}.Debug|Windows-x64.Build.0 = Debug|Any CPU
		{4F8281A9-634A-4ACC-8892-578E21D13332}.Debug|Windows-x86.ActiveCfg = Debug|Any CPU
		{4F8281A9-634A-4ACC-8892-578E21D13332}.Debug|Windows-x86.Build.0 = Debug|Any CPU
		{4F8281A9-634A-4ACC-8892-578E21D13332}.Release|Android.ActiveCfg = Release|Any CPU
		{4F8281A9-634A-4ACC-8892-578E21D13332}.Release|Android.Build.0 = Release|Any CPU
		{4F8281A9-634A-4ACC-8892-578E21D13332}.Release|Any CPU.ActiveCfg = Release|Any CPU
		{4F8281A9-634A-4ACC-8892-578E21D13332}.Release|Any CPU.Build.0 = Release|Any CPU
		{4F8281A9-634A-4ACC-8892-578E21D13332}.Release|iOS.ActiveCfg = Release|Any CPU
		{4F8281A9-634A-4ACC-8892-578E21D13332}.Release|iOS.Build.0 = Release|Any CPU
		{4F8281A9-634A-4ACC-8892-578E21D13332}.Release|Windows Phone (Universal).ActiveCfg = Release|Any CPU
		{4F8281A9-634A-4ACC-8892-578E21D13332}.Release|Windows Phone (Universal).Build.0 = Release|Any CPU
		{4F8281A9-634A-4ACC-8892-578E21D13332}.Release|Windows Phone 8.ActiveCfg = Release|Any CPU
		{4F8281A9-634A-4ACC-8892-578E21D13332}.Release|Windows Phone 8.Build.0 = Release|Any CPU
		{4F8281A9-634A-4ACC-8892-578E21D13332}.Release|Windows-AnyCPU.ActiveCfg = Release|Any CPU
		{4F8281A9-634A-4ACC-8892-578E21D13332}.Release|Windows-AnyCPU.Build.0 = Release|Any CPU
		{4F8281A9-634A-4ACC-8892-578E21D13332}.Release|Windows-ARM.ActiveCfg = Release|Any CPU
		{4F8281A9-634A-4ACC-8892-578E21D13332}.Release|Windows-ARM.Build.0 = Release|Any CPU
		{4F8281A9-634A-4ACC-8892-578E21D13332}.Release|Windows-x64.ActiveCfg = Release|Any CPU
		{4F8281A9-634A-4ACC-8892-578E21D13332}.Release|Windows-x64.Build.0 = Release|Any CPU
		{4F8281A9-634A-4ACC-8892-578E21D13332}.Release|Windows-x86.ActiveCfg = Release|Any CPU
		{4F8281A9-634A-4ACC-8892-578E21D13332}.Release|Windows-x86.Build.0 = Release|Any CPU
		{DEE5A37D-0472-46EE-84C0-4BB13571CFDD}.Debug|Android.ActiveCfg = Debug|Any CPU
		{DEE5A37D-0472-46EE-84C0-4BB13571CFDD}.Debug|Android.Build.0 = Debug|Any CPU
		{DEE5A37D-0472-46EE-84C0-4BB13571CFDD}.Debug|Any CPU.ActiveCfg = Debug|Any CPU
		{DEE5A37D-0472-46EE-84C0-4BB13571CFDD}.Debug|Any CPU.Build.0 = Debug|Any CPU
		{DEE5A37D-0472-46EE-84C0-4BB13571CFDD}.Debug|iOS.ActiveCfg = Debug|Any CPU
		{DEE5A37D-0472-46EE-84C0-4BB13571CFDD}.Debug|iOS.Build.0 = Debug|Any CPU
		{DEE5A37D-0472-46EE-84C0-4BB13571CFDD}.Debug|Windows Phone (Universal).ActiveCfg = Debug|Any CPU
		{DEE5A37D-0472-46EE-84C0-4BB13571CFDD}.Debug|Windows Phone (Universal).Build.0 = Debug|Any CPU
		{DEE5A37D-0472-46EE-84C0-4BB13571CFDD}.Debug|Windows Phone 8.ActiveCfg = Debug|Any CPU
		{DEE5A37D-0472-46EE-84C0-4BB13571CFDD}.Debug|Windows Phone 8.Build.0 = Debug|Any CPU
		{DEE5A37D-0472-46EE-84C0-4BB13571CFDD}.Debug|Windows-AnyCPU.ActiveCfg = Debug|Any CPU
		{DEE5A37D-0472-46EE-84C0-4BB13571CFDD}.Debug|Windows-AnyCPU.Build.0 = Debug|Any CPU
		{DEE5A37D-0472-46EE-84C0-4BB13571CFDD}.Debug|Windows-ARM.ActiveCfg = Debug|Any CPU
		{DEE5A37D-0472-46EE-84C0-4BB13571CFDD}.Debug|Windows-ARM.Build.0 = Debug|Any CPU
		{DEE5A37D-0472-46EE-84C0-4BB13571CFDD}.Debug|Windows-x64.ActiveCfg = Debug|Any CPU
		{DEE5A37D-0472-46EE-84C0-4BB13571CFDD}.Debug|Windows-x64.Build.0 = Debug|Any CPU
		{DEE5A37D-0472-46EE-84C0-4BB13571CFDD}.Debug|Windows-x86.ActiveCfg = Debug|Any CPU
		{DEE5A37D-0472-46EE-84C0-4BB13571CFDD}.Debug|Windows-x86.Build.0 = Debug|Any CPU
		{DEE5A37D-0472-46EE-84C0-4BB13571CFDD}.Release|Android.ActiveCfg = Release|Any CPU
		{DEE5A37D-0472-46EE-84C0-4BB13571CFDD}.Release|Android.Build.0 = Release|Any CPU
		{DEE5A37D-0472-46EE-84C0-4BB13571CFDD}.Release|Any CPU.ActiveCfg = Release|Any CPU
		{DEE5A37D-0472-46EE-84C0-4BB13571CFDD}.Release|Any CPU.Build.0 = Release|Any CPU
		{DEE5A37D-0472-46EE-84C0-4BB13571CFDD}.Release|iOS.ActiveCfg = Release|Any CPU
		{DEE5A37D-0472-46EE-84C0-4BB13571CFDD}.Release|iOS.Build.0 = Release|Any CPU
		{DEE5A37D-0472-46EE-84C0-4BB13571CFDD}.Release|Windows Phone (Universal).ActiveCfg = Release|Any CPU
		{DEE5A37D-0472-46EE-84C0-4BB13571CFDD}.Release|Windows Phone (Universal).Build.0 = Release|Any CPU
		{DEE5A37D-0472-46EE-84C0-4BB13571CFDD}.Release|Windows Phone 8.ActiveCfg = Release|Any CPU
		{DEE5A37D-0472-46EE-84C0-4BB13571CFDD}.Release|Windows Phone 8.Build.0 = Release|Any CPU
		{DEE5A37D-0472-46EE-84C0-4BB13571CFDD}.Release|Windows-AnyCPU.ActiveCfg = Release|Any CPU
		{DEE5A37D-0472-46EE-84C0-4BB13571CFDD}.Release|Windows-AnyCPU.Build.0 = Release|Any CPU
		{DEE5A37D-0472-46EE-84C0-4BB13571CFDD}.Release|Windows-ARM.ActiveCfg = Release|Any CPU
		{DEE5A37D-0472-46EE-84C0-4BB13571CFDD}.Release|Windows-ARM.Build.0 = Release|Any CPU
		{DEE5A37D-0472-46EE-84C0-4BB13571CFDD}.Release|Windows-x64.ActiveCfg = Release|Any CPU
		{DEE5A37D-0472-46EE-84C0-4BB13571CFDD}.Release|Windows-x64.Build.0 = Release|Any CPU
		{DEE5A37D-0472-46EE-84C0-4BB13571CFDD}.Release|Windows-x86.ActiveCfg = Release|Any CPU
		{DEE5A37D-0472-46EE-84C0-4BB13571CFDD}.Release|Windows-x86.Build.0 = Release|Any CPU
	EndGlobalSection
	GlobalSection(SolutionProperties) = preSolution
		HideSolutionNode = FALSE
	EndGlobalSection
	GlobalSection(ExtensibilityGlobals) = postSolution
		SolutionGuid = {A6F898FA-AF57-420D-A06F-F18BDDE7B040}
	EndGlobalSection
EndGlobal
